
Microsoft Visual Studio Solution File, Format Version 11.00
# Visual Studio 2010
Project("{159641D6-6404-4A2A-AE62-294DE0FE8301}") = "Exp7", "Exp7.dtproj", "{E3166BB6-B8D3-43FC-808F-BC812692BE90}"
EndProject
Global
	GlobalSection(SolutionConfigurationPlatforms) = preSolution
		Development|Default = Development|Default
	EndGlobalSection
	GlobalSection(ProjectConfigurationPlatforms) = postSolution
		{E3166BB6-B8D3-43FC-808F-BC812692BE90}.Development|Default.ActiveCfg = Development
		{E3166BB6-B8D3-43FC-808F-BC812692BE90}.Development|Default.Build.0 = Development
	EndGlobalSection
	GlobalSection(SolutionProperties) = preSolution
		HideSolutionNode = FALSE
	EndGlobalSection
EndGlobal
