
Microsoft Visual Studio Solution File, Format Version 11.00
# Visual Studio 2010
Project("{D2ABAB84-BF74-430A-B69E-9DC6D40DDA17}") = "Exp8", "Exp8.dwproj", "{6850DCC2-AE33-4AB5-87EF-9093F07C2907}"
EndProject
Global
	GlobalSection(SolutionConfigurationPlatforms) = preSolution
		Development|Default = Development|Default
	EndGlobalSection
	GlobalSection(ProjectConfigurationPlatforms) = postSolution
		{6850DCC2-AE33-4AB5-87EF-9093F07C2907}.Development|Default.ActiveCfg = Development
		{6850DCC2-AE33-4AB5-87EF-9093F07C2907}.Development|Default.Build.0 = Development
		{6850DCC2-AE33-4AB5-87EF-9093F07C2907}.Development|Default.Deploy.0 = Development
	EndGlobalSection
	GlobalSection(SolutionProperties) = preSolution
		HideSolutionNode = FALSE
	EndGlobalSection
EndGlobal
